
Microsoft Visual Studio Solution File, Format Version 12.00
# Visual Studio 15
VisualStudioVersion = 15.0.28307.757
MinimumVisualStudioVersion = 10.0.40219.1
Project("{9A19103F-16F7-4668-BE54-9A1E7A4F7556}") = "Bank", "Bank\Bank.csproj", "{FFF78490-4B1B-45CD-9D9D-43EBC83D8C16}"
EndProject
Project("{FAE04EC0-301F-11D3-BF4B-00C04F79EFBC}") = "BankTests", "BankTests\BankTests.csproj", "{B26F9006-38F8-49A1-BD3B-05C8807D02CF}"
EndProject
Global
	GlobalSection(SolutionConfigurationPlatforms) = preSolution
		Debug|Any CPU = Debug|Any CPU
		Release|Any CPU = Release|Any CPU
	EndGlobalSection
	GlobalSection(ProjectConfigurationPlatforms) = postSolution
		{FFF78490-4B1B-45CD-9D9D-43EBC83D8C16}.Debug|Any CPU.ActiveCfg = Debug|Any CPU
		{FFF78490-4B1B-45CD-9D9D-43EBC83D8C16}.Debug|Any CPU.Build.0 = Debug|Any CPU
		{FFF78490-4B1B-45CD-9D9D-43EBC83D8C16}.Release|Any CPU.ActiveCfg = Release|Any CPU
		{FFF78490-4B1B-45CD-9D9D-43EBC83D8C16}.Release|Any CPU.Build.0 = Release|Any CPU
		{B26F9006-38F8-49A1-BD3B-05C8807D02CF}.Debug|Any CPU.ActiveCfg = Debug|Any CPU
		{B26F9006-38F8-49A1-BD3B-05C8807D02CF}.Debug|Any CPU.Build.0 = Debug|Any CPU
		{B26F9006-38F8-49A1-BD3B-05C8807D02CF}.Release|Any CPU.ActiveCfg = Release|Any CPU
		{B26F9006-38F8-49A1-BD3B-05C8807D02CF}.Release|Any CPU.Build.0 = Release|Any CPU
	EndGlobalSection
	GlobalSection(SolutionProperties) = preSolution
		HideSolutionNode = FALSE
	EndGlobalSection
	GlobalSection(ExtensibilityGlobals) = postSolution
		SolutionGuid = {819EBF13-5740-41C8-A66F-BFEF4DA6FC2C}
	EndGlobalSection
EndGlobal
